// !$*UTF8*$!
{
	archiveVersion = 1;
	classes = {
	};
	objectVersion = 46;
	objects = {

/* Begin PBXBuildFile section */
		F42C161A1AD958DD00D932E7 /* MyFirstUSBDriver.h in Headers */ = {isa = PBXBuildFile; fileRef = F42C16191AD958DD00D932E7 /* MyFirstUSBDriver.h */; };
		F42C161C1AD958DD00D932E7 /* MyFirstUSBDriver.cpp in Sources */ = {isa = PBXBuildFile; fileRef = F42C161B1AD958DD00D932E7 /* MyFirstUSBDriver.cpp */; };
/* End PBXBuildFile section */

/* Begin PBXFileReference section */
		F42C16141AD958DD00D932E7 /* MyFirstUSBDriver.kext */ = {isa = PBXFileReference; explicitFileType = wrapper.cfbundle; includeInIndex = 0; path = MyFirstUSBDriver.kext; sourceTree = BUILT_PRODUCTS_DIR; };
		F42C16181AD958DD00D932E7 /* Info.plist */ = {isa = PBXFileReference; lastKnownFileType = text.plist.xml; path = Info.plist; sourceTree = "<group>"; };
		F42C16191AD958DD00D932E7 /* MyFirstUSBDriver.h */ = {isa = PBXFileReference; lastKnownFileType = sourcecode.c.h; path = MyFirstUSBDriver.h; sourceTree = "<group>"; };
		F42C161B1AD958DD00D932E7 /* MyFirstUSBDriver.cpp */ = {isa = PBXFileReference; lastKnownFileType = sourcecode.cpp.cpp; path = MyFirstUSBDriver.cpp; sourceTree = "<group>"; };
/* End PBXFileReference section */

/* Begin PBXFrameworksBuildPhase section */
		F42C16101AD958DD00D932E7 /* Frameworks */ = {
			isa = PBXFrameworksBuildPhase;
			buildActionMask = 2147483647;
			files = (
			);
			runOnlyForDeploymentPostprocessing = 0;
		};
/* End PBXFrameworksBuildPhase section */

/* Begin PBXGroup section */
		F42C160A1AD958DD00D932E7 = {
			isa = PBXGroup;
			children = (
				F42C16161AD958DD00D932E7 /* MyFirstUSBDriver */,
				F42C16151AD958DD00D932E7 /* Products */,
			);
			sourceTree = "<group>";
		};
		F42C16151AD958DD00D932E7 /* Products */ = {
			isa = PBXGroup;
			children = (
				F42C16141AD958DD00D932E7 /* MyFirstUSBDriver.kext */,
			);
			name = Products;
			sourceTree = "<group>";
		};
		F42C16161AD958DD00D932E7 /* MyFirstUSBDriver */ = {
			isa = PBXGroup;
			children = (
				F42C16191AD958DD00D932E7 /* MyFirstUSBDriver.h */,
				F42C161B1AD958DD00D932E7 /* MyFirstUSBDriver.cpp */,
				F42C16171AD958DD00D932E7 /* Supporting Files */,
			);
			path = MyFirstUSBDriver;
			sourceTree = "<group>";
		};
		F42C16171AD958DD00D932E7 /* Supporting Files */ = {
			isa = PBXGroup;
			children = (
				F42C16181AD958DD00D932E7 /* Info.plist */,
			);
			name = "Supporting Files";
			sourceTree = "<group>";
		};
/* End PBXGroup section */

/* Begin PBXHeadersBuildPhase section */
		F42C16111AD958DD00D932E7 /* Headers */ = {
			isa = PBXHeadersBuildPhase;
			buildActionMask = 2147483647;
			files = (
				F42C161A1AD958DD00D932E7 /* MyFirstUSBDriver.h in Headers */,
			);
			runOnlyForDeploymentPostprocessing = 0;
		};
/* End PBXHeadersBuildPhase section */

/* Begin PBXNativeTarget section */
		F42C16131AD958DD00D932E7 /* MyFirstUSBDriver */ = {
			isa = PBXNativeTarget;
			buildConfigurationList = F42C161F1AD958DD00D932E7 /* Build configuration list for PBXNativeTarget "MyFirstUSBDriver" */;
			buildPhases = (
				F42C160F1AD958DD00D932E7 /* Sources */,
				F42C16101AD958DD00D932E7 /* Frameworks */,
				F42C16111AD958DD00D932E7 /* Headers */,
				F42C16121AD958DD00D932E7 /* Resources */,
			);
			buildRules = (
			);
			dependencies = (
			);
			name = MyFirstUSBDriver;
			productName = MyFirstUSBDriver;
			productReference = F42C16141AD958DD00D932E7 /* MyFirstUSBDriver.kext */;
			productType = "com.apple.product-type.kernel-extension";
		};
/* End PBXNativeTarget section */

/* Begin PBXProject section */
		F42C160B1AD958DD00D932E7 /* Project object */ = {
			isa = PBXProject;
			attributes = {
				LastUpgradeCheck = 0630;
				ORGANIZATIONNAME = yaqinking;
				TargetAttributes = {
					F42C16131AD958DD00D932E7 = {
						CreatedOnToolsVersion = 6.3;
					};
				};
			};
			buildConfigurationList = F42C160E1AD958DD00D932E7 /* Build configuration list for PBXProject "MyFirstUSBDriver" */;
			compatibilityVersion = "Xcode 3.2";
			developmentRegion = English;
			hasScannedForEncodings = 0;
			knownRegions = (
				en,
			);
			mainGroup = F42C160A1AD958DD00D932E7;
			productRefGroup = F42C16151AD958DD00D932E7 /* Products */;
			projectDirPath = "";
			projectRoot = "";
			targets = (
				F42C16131AD958DD00D932E7 /* MyFirstUSBDriver */,
			);
		};
/* End PBXProject section */

/* Begin PBXResourcesBuildPhase section */
		F42C16121AD958DD00D932E7 /* Resources */ = {
			isa = PBXResourcesBuildPhase;
			buildActionMask = 2147483647;
			files = (
			);
			runOnlyForDeploymentPostprocessing = 0;
		};
/* End PBXResourcesBuildPhase section */

/* Begin PBXSourcesBuildPhase section */
		F42C160F1AD958DD00D932E7 /* Sources */ = {
			isa = PBXSourcesBuildPhase;
			buildActionMask = 2147483647;
			files = (
				F42C161C1AD958DD00D932E7 /* MyFirstUSBDriver.cpp in Sources */,
			);
			runOnlyForDeploymentPostprocessing = 0;
		};
/* End PBXSourcesBuildPhase section */

/* Begin XCBuildConfiguration section */
		F42C161D1AD958DD00D932E7 /* Debug */ = {
			isa = XCBuildConfiguration;
			buildSettings = {
				ALWAYS_SEARCH_USER_PATHS = NO;
				CLANG_CXX_LANGUAGE_STANDARD = "gnu++0x";
				CLANG_CXX_LIBRARY = "libc++";
				CLANG_ENABLE_MODULES = YES;
				CLANG_ENABLE_OBJC_ARC = YES;
				CLANG_WARN_BOOL_CONVERSION = YES;
				CLANG_WARN_CONSTANT_CONVERSION = YES;
				CLANG_WARN_DIRECT_OBJC_ISA_USAGE = YES_ERROR;
				CLANG_WARN_EMPTY_BODY = YES;
				CLANG_WARN_ENUM_CONVERSION = YES;
				CLANG_WARN_INT_CONVERSION = YES;
				CLANG_WARN_OBJC_ROOT_CLASS = YES_ERROR;
				CLANG_WARN_UNREACHABLE_CODE = YES;
				CLANG_WARN__DUPLICATE_METHOD_MATCH = YES;
				COPY_PHASE_STRIP = NO;
				DEBUG_INFORMATION_FORMAT = dwarf;
				ENABLE_STRICT_OBJC_MSGSEND = YES;
				GCC_C_LANGUAGE_STANDARD = gnu99;
				GCC_DYNAMIC_NO_PIC = NO;
				GCC_NO_COMMON_BLOCKS = YES;
				GCC_OPTIMIZATION_LEVEL = 0;
				GCC_PREPROCESSOR_DEFINITIONS = (
					"DEBUG=1",
					"$(inherited)",
				);
				GCC_SYMBOLS_PRIVATE_EXTERN = NO;
				GCC_WARN_64_TO_32_BIT_CONVERSION = YES;
				GCC_WARN_ABOUT_RETURN_TYPE = YES_ERROR;
				GCC_WARN_UNDECLARED_SELECTOR = YES;
				GCC_WARN_UNINITIALIZED_AUTOS = YES_AGGRESSIVE;
				GCC_WARN_UNUSED_FUNCTION = YES;
				GCC_WARN_UNUSED_VARIABLE = YES;
				MACOSX_DEPLOYMENT_TARGET = 10.10;
				MTL_ENABLE_DEBUG_INFO = YES;
				ONLY_ACTIVE_ARCH = YES;
				SDKROOT = macosx;
			};
			name = Debug;
		};
		F42C161E1AD958DD00D932E7 /* Release */ = {
			isa = XCBuildConfiguration;
			buildSettings = {
				ALWAYS_SEARCH_USER_PATHS = NO;
				CLANG_CXX_LANGUAGE_STANDARD = "gnu++0x";
				CLANG_CXX_LIBRARY = "libc++";
				CLANG_ENABLE_MODULES = YES;
				CLANG_ENABLE_OBJC_ARC = YES;
				CLANG_WARN_BOOL_CONVERSION = YES;
				CLANG_WARN_CONSTANT_CONVERSION = YES;
				CLANG_WARN_DIRECT_OBJC_ISA_USAGE = YES_ERROR;
				CLANG_WARN_EMPTY_BODY = YES;
				CLANG_WARN_ENUM_CONVERSION = YES;
				CLANG_WARN_INT_CONVERSION = YES;
				CLANG_WARN_OBJC_ROOT_CLASS = YES_ERROR;
				CLANG_WARN_UNREACHABLE_CODE = YES;
				CLANG_WARN__DUPLICATE_METHOD_MATCH = YES;
				COPY_PHASE_STRIP = NO;
				DEBUG_INFORMATION_FORMAT = "dwarf-with-dsym";
				ENABLE_NS_ASSERTIONS = NO;
				ENABLE_STRICT_OBJC_MSGSEND = YES;
				GCC_C_LANGUAGE_STANDARD = gnu99;
				GCC_NO_COMMON_BLOCKS = YES;
				GCC_WARN_64_TO_32_BIT_CONVERSION = YES;
				GCC_WARN_ABOUT_RETURN_TYPE = YES_ERROR;
				GCC_WARN_UNDECLARED_SELECTOR = YES;
				GCC_WARN_UNINITIALIZED_AUTOS = YES_AGGRESSIVE;
				GCC_WARN_UNUSED_FUNCTION = YES;
				GCC_WARN_UNUSED_VARIABLE = YES;
				MACOSX_DEPLOYMENT_TARGET = 10.10;
				MTL_ENABLE_DEBUG_INFO = NO;
				SDKROOT = macosx;
			};
			name = Release;
		};
		F42C16201AD958DD00D932E7 /* Debug */ = {
			isa = XCBuildConfiguration;
			buildSettings = {
				COMBINE_HIDPI_IMAGES = YES;
				CURRENT_PROJECT_VERSION = 1.0.0d1;
				INFOPLIST_FILE = MyFirstUSBDriver/Info.plist;
				MODULE_NAME = com.yaqinking.MyFirstUSBDriver;
				MODULE_VERSION = 1.0.0d1;
				PRODUCT_NAME = "$(TARGET_NAME)";
				WRAPPER_EXTENSION = kext;
			};
			name = Debug;
		};
		F42C16211AD958DD00D932E7 /* Release */ = {
			isa = XCBuildConfiguration;
			buildSettings = {
				COMBINE_HIDPI_IMAGES = YES;
				CURRENT_PROJECT_VERSION = 1.0.0d1;
				INFOPLIST_FILE = MyFirstUSBDriver/Info.plist;
				MODULE_NAME = com.yaqinking.MyFirstUSBDriver;
				MODULE_VERSION = 1.0.0d1;
				PRODUCT_NAME = "$(TARGET_NAME)";
				WRAPPER_EXTENSION = kext;
			};
			name = Release;
		};
/* End XCBuildConfiguration section */

/* Begin XCConfigurationList section */
		F42C160E1AD958DD00D932E7 /* Build configuration list for PBXProject "MyFirstUSBDriver" */ = {
			isa = XCConfigurationList;
			buildConfigurations = (
				F42C161D1AD958DD00D932E7 /* Debug */,
				F42C161E1AD958DD00D932E7 /* Release */,
			);
			defaultConfigurationIsVisible = 0;
			defaultConfigurationName = Release;
		};
		F42C161F1AD958DD00D932E7 /* Build configuration list for PBXNativeTarget "MyFirstUSBDriver" */ = {
			isa = XCConfigurationList;
			buildConfigurations = (
				F42C16201AD958DD00D932E7 /* Debug */,
				F42C16211AD958DD00D932E7 /* Release */,
			);
			defaultConfigurationIsVisible = 0;
		};
/* End XCConfigurationList section */
	};
	rootObject = F42C160B1AD958DD00D932E7 /* Project object */;
}
