// !$*UTF8*$!
{
	archiveVersion = 1;
	classes = {
	};
	objectVersion = 46;
	objects = {

/* Begin PBXBuildFile section */
		F47CB0371AD90E21008B28A5 /* main.c in Sources */ = {isa = PBXBuildFile; fileRef = F47CB0361AD90E21008B28A5 /* main.c */; };
/* End PBXBuildFile section */

/* Begin PBXCopyFilesBuildPhase section */
		F47CB0311AD90E21008B28A5 /* CopyFiles */ = {
			isa = PBXCopyFilesBuildPhase;
			buildActionMask = 2147483647;
			dstPath = /usr/share/man/man1/;
			dstSubfolderSpec = 0;
			files = (
			);
			runOnlyForDeploymentPostprocessing = 1;
		};
/* End PBXCopyFilesBuildPhase section */

/* Begin PBXFileReference section */
		F47CB0331AD90E21008B28A5 /* DriverIteratorAndOther */ = {isa = PBXFileReference; explicitFileType = "compiled.mach-o.executable"; includeInIndex = 0; path = DriverIteratorAndOther; sourceTree = BUILT_PRODUCTS_DIR; };
		F47CB0361AD90E21008B28A5 /* main.c */ = {isa = PBXFileReference; lastKnownFileType = sourcecode.c.c; path = main.c; sourceTree = "<group>"; };
/* End PBXFileReference section */

/* Begin PBXFrameworksBuildPhase section */
		F47CB0301AD90E21008B28A5 /* Frameworks */ = {
			isa = PBXFrameworksBuildPhase;
			buildActionMask = 2147483647;
			files = (
			);
			runOnlyForDeploymentPostprocessing = 0;
		};
/* End PBXFrameworksBuildPhase section */

/* Begin PBXGroup section */
		F47CB02A1AD90E21008B28A5 = {
			isa = PBXGroup;
			children = (
				F47CB0351AD90E21008B28A5 /* DriverIteratorAndOther */,
				F47CB0341AD90E21008B28A5 /* Products */,
			);
			sourceTree = "<group>";
		};
		F47CB0341AD90E21008B28A5 /* Products */ = {
			isa = PBXGroup;
			children = (
				F47CB0331AD90E21008B28A5 /* DriverIteratorAndOther */,
			);
			name = Products;
			sourceTree = "<group>";
		};
		F47CB0351AD90E21008B28A5 /* DriverIteratorAndOther */ = {
			isa = PBXGroup;
			children = (
				F47CB0361AD90E21008B28A5 /* main.c */,
			);
			path = DriverIteratorAndOther;
			sourceTree = "<group>";
		};
/* End PBXGroup section */

/* Begin PBXNativeTarget section */
		F47CB0321AD90E21008B28A5 /* DriverIteratorAndOther */ = {
			isa = PBXNativeTarget;
			buildConfigurationList = F47CB03A1AD90E21008B28A5 /* Build configuration list for PBXNativeTarget "DriverIteratorAndOther" */;
			buildPhases = (
				F47CB02F1AD90E21008B28A5 /* Sources */,
				F47CB0301AD90E21008B28A5 /* Frameworks */,
				F47CB0311AD90E21008B28A5 /* CopyFiles */,
			);
			buildRules = (
			);
			dependencies = (
			);
			name = DriverIteratorAndOther;
			productName = DriverIteratorAndOther;
			productReference = F47CB0331AD90E21008B28A5 /* DriverIteratorAndOther */;
			productType = "com.apple.product-type.tool";
		};
/* End PBXNativeTarget section */

/* Begin PBXProject section */
		F47CB02B1AD90E21008B28A5 /* Project object */ = {
			isa = PBXProject;
			attributes = {
				LastUpgradeCheck = 0630;
				ORGANIZATIONNAME = yaqinking;
				TargetAttributes = {
					F47CB0321AD90E21008B28A5 = {
						CreatedOnToolsVersion = 6.3;
					};
				};
			};
			buildConfigurationList = F47CB02E1AD90E21008B28A5 /* Build configuration list for PBXProject "DriverIteratorAndOther" */;
			compatibilityVersion = "Xcode 3.2";
			developmentRegion = English;
			hasScannedForEncodings = 0;
			knownRegions = (
				en,
			);
			mainGroup = F47CB02A1AD90E21008B28A5;
			productRefGroup = F47CB0341AD90E21008B28A5 /* Products */;
			projectDirPath = "";
			projectRoot = "";
			targets = (
				F47CB0321AD90E21008B28A5 /* DriverIteratorAndOther */,
			);
		};
/* End PBXProject section */

/* Begin PBXSourcesBuildPhase section */
		F47CB02F1AD90E21008B28A5 /* Sources */ = {
			isa = PBXSourcesBuildPhase;
			buildActionMask = 2147483647;
			files = (
				F47CB0371AD90E21008B28A5 /* main.c in Sources */,
			);
			runOnlyForDeploymentPostprocessing = 0;
		};
/* End PBXSourcesBuildPhase section */

/* Begin XCBuildConfiguration section */
		F47CB0381AD90E21008B28A5 /* Debug */ = {
			isa = XCBuildConfiguration;
			buildSettings = {
				ALWAYS_SEARCH_USER_PATHS = NO;
				CLANG_CXX_LANGUAGE_STANDARD = "gnu++0x";
				CLANG_CXX_LIBRARY = "libc++";
				CLANG_ENABLE_MODULES = YES;
				CLANG_ENABLE_OBJC_ARC = YES;
				CLANG_WARN_BOOL_CONVERSION = YES;
				CLANG_WARN_CONSTANT_CONVERSION = YES;
				CLANG_WARN_DIRECT_OBJC_ISA_USAGE = YES_ERROR;
				CLANG_WARN_EMPTY_BODY = YES;
				CLANG_WARN_ENUM_CONVERSION = YES;
				CLANG_WARN_INT_CONVERSION = YES;
				CLANG_WARN_OBJC_ROOT_CLASS = YES_ERROR;
				CLANG_WARN_UNREACHABLE_CODE = YES;
				CLANG_WARN__DUPLICATE_METHOD_MATCH = YES;
				COPY_PHASE_STRIP = NO;
				DEBUG_INFORMATION_FORMAT = dwarf;
				ENABLE_STRICT_OBJC_MSGSEND = YES;
				GCC_C_LANGUAGE_STANDARD = gnu99;
				GCC_DYNAMIC_NO_PIC = NO;
				GCC_NO_COMMON_BLOCKS = YES;
				GCC_OPTIMIZATION_LEVEL = 0;
				GCC_PREPROCESSOR_DEFINITIONS = (
					"DEBUG=1",
					"$(inherited)",
				);
				GCC_SYMBOLS_PRIVATE_EXTERN = NO;
				GCC_WARN_64_TO_32_BIT_CONVERSION = YES;
				GCC_WARN_ABOUT_RETURN_TYPE = YES_ERROR;
				GCC_WARN_UNDECLARED_SELECTOR = YES;
				GCC_WARN_UNINITIALIZED_AUTOS = YES_AGGRESSIVE;
				GCC_WARN_UNUSED_FUNCTION = YES;
				GCC_WARN_UNUSED_VARIABLE = YES;
				MACOSX_DEPLOYMENT_TARGET = 10.10;
				MTL_ENABLE_DEBUG_INFO = YES;
				ONLY_ACTIVE_ARCH = YES;
				SDKROOT = macosx;
			};
			name = Debug;
		};
		F47CB0391AD90E21008B28A5 /* Release */ = {
			isa = XCBuildConfiguration;
			buildSettings = {
				ALWAYS_SEARCH_USER_PATHS = NO;
				CLANG_CXX_LANGUAGE_STANDARD = "gnu++0x";
				CLANG_CXX_LIBRARY = "libc++";
				CLANG_ENABLE_MODULES = YES;
				CLANG_ENABLE_OBJC_ARC = YES;
				CLANG_WARN_BOOL_CONVERSION = YES;
				CLANG_WARN_CONSTANT_CONVERSION = YES;
				CLANG_WARN_DIRECT_OBJC_ISA_USAGE = YES_ERROR;
				CLANG_WARN_EMPTY_BODY = YES;
				CLANG_WARN_ENUM_CONVERSION = YES;
				CLANG_WARN_INT_CONVERSION = YES;
				CLANG_WARN_OBJC_ROOT_CLASS = YES_ERROR;
				CLANG_WARN_UNREACHABLE_CODE = YES;
				CLANG_WARN__DUPLICATE_METHOD_MATCH = YES;
				COPY_PHASE_STRIP = NO;
				DEBUG_INFORMATION_FORMAT = "dwarf-with-dsym";
				ENABLE_NS_ASSERTIONS = NO;
				ENABLE_STRICT_OBJC_MSGSEND = YES;
				GCC_C_LANGUAGE_STANDARD = gnu99;
				GCC_NO_COMMON_BLOCKS = YES;
				GCC_WARN_64_TO_32_BIT_CONVERSION = YES;
				GCC_WARN_ABOUT_RETURN_TYPE = YES_ERROR;
				GCC_WARN_UNDECLARED_SELECTOR = YES;
				GCC_WARN_UNINITIALIZED_AUTOS = YES_AGGRESSIVE;
				GCC_WARN_UNUSED_FUNCTION = YES;
				GCC_WARN_UNUSED_VARIABLE = YES;
				MACOSX_DEPLOYMENT_TARGET = 10.10;
				MTL_ENABLE_DEBUG_INFO = NO;
				SDKROOT = macosx;
			};
			name = Release;
		};
		F47CB03B1AD90E21008B28A5 /* Debug */ = {
			isa = XCBuildConfiguration;
			buildSettings = {
				PRODUCT_NAME = "$(TARGET_NAME)";
			};
			name = Debug;
		};
		F47CB03C1AD90E21008B28A5 /* Release */ = {
			isa = XCBuildConfiguration;
			buildSettings = {
				PRODUCT_NAME = "$(TARGET_NAME)";
			};
			name = Release;
		};
/* End XCBuildConfiguration section */

/* Begin XCConfigurationList section */
		F47CB02E1AD90E21008B28A5 /* Build configuration list for PBXProject "DriverIteratorAndOther" */ = {
			isa = XCConfigurationList;
			buildConfigurations = (
				F47CB0381AD90E21008B28A5 /* Debug */,
				F47CB0391AD90E21008B28A5 /* Release */,
			);
			defaultConfigurationIsVisible = 0;
			defaultConfigurationName = Release;
		};
		F47CB03A1AD90E21008B28A5 /* Build configuration list for PBXNativeTarget "DriverIteratorAndOther" */ = {
			isa = XCConfigurationList;
			buildConfigurations = (
				F47CB03B1AD90E21008B28A5 /* Debug */,
				F47CB03C1AD90E21008B28A5 /* Release */,
			);
			defaultConfigurationIsVisible = 0;
		};
/* End XCConfigurationList section */
	};
	rootObject = F47CB02B1AD90E21008B28A5 /* Project object */;
}
